// !$*UTF8*$!
{
	archiveVersion = 1;
	classes = {
	};
	objectVersion = 48;
	objects = {

/* Begin PBXBuildFile section */
		5A4E00F01FC2E86B0040386A /* LQKFileManager.m in Sources */ = {isa = PBXBuildFile; fileRef = 5A4E00EF1FC2E86B0040386A /* LQKFileManager.m */; };
		5A55F2941FBEC439009EA49B /* AppDelegate.m in Sources */ = {isa = PBXBuildFile; fileRef = 5A55F2931FBEC439009EA49B /* AppDelegate.m */; };
		5A55F29A1FBEC439009EA49B /* Main.storyboard in Resources */ = {isa = PBXBuildFile; fileRef = 5A55F2981FBEC439009EA49B /* Main.storyboard */; };
		5A55F29C1FBEC439009EA49B /* Assets.xcassets in Resources */ = {isa = PBXBuildFile; fileRef = 5A55F29B1FBEC439009EA49B /* Assets.xcassets */; };
		5A55F29F1FBEC439009EA49B /* LaunchScreen.storyboard in Resources */ = {isa = PBXBuildFile; fileRef = 5A55F29D1FBEC439009EA49B /* LaunchScreen.storyboard */; };
		5A55F2A21FBEC439009EA49B /* main.m in Sources */ = {isa = PBXBuildFile; fileRef = 5A55F2A11FBEC439009EA49B /* main.m */; };
		5A55F2AC1FBEC439009EA49B /* OCMVVMDemoTests.m in Sources */ = {isa = PBXBuildFile; fileRef = 5A55F2AB1FBEC439009EA49B /* OCMVVMDemoTests.m */; };
		5A55F2B71FBEC439009EA49B /* OCMVVMDemoUITests.m in Sources */ = {isa = PBXBuildFile; fileRef = 5A55F2B61FBEC439009EA49B /* OCMVVMDemoUITests.m */; };
		5A55F2D11FBEF259009EA49B /* UIView+LQKViewCategory.m in Sources */ = {isa = PBXBuildFile; fileRef = 5A55F2D01FBEF259009EA49B /* UIView+LQKViewCategory.m */; };
		5A93AA761FC403E300991649 /* LQKVerticalLabel.m in Sources */ = {isa = PBXBuildFile; fileRef = 5A93AA751FC403E300991649 /* LQKVerticalLabel.m */; };
		5A9D500B1FC53E0F007B0BAE /* LQKNetworkManager.m in Sources */ = {isa = PBXBuildFile; fileRef = 5A9D500A1FC53E0F007B0BAE /* LQKNetworkManager.m */; };
		5AB758F41FC2AC4200A79815 /* FirstViewController.m in Sources */ = {isa = PBXBuildFile; fileRef = 5AB758F31FC2AC4200A79815 /* FirstViewController.m */; };
		5AB758F71FC2AC5C00A79815 /* SecondViewController.m in Sources */ = {isa = PBXBuildFile; fileRef = 5AB758F61FC2AC5C00A79815 /* SecondViewController.m */; };
		5AB758FA1FC2ADDA00A79815 /* FirstView.m in Sources */ = {isa = PBXBuildFile; fileRef = 5AB758F91FC2ADDA00A79815 /* FirstView.m */; };
		5AB758FD1FC2ADEB00A79815 /* FirstViewModel.m in Sources */ = {isa = PBXBuildFile; fileRef = 5AB758FC1FC2ADEB00A79815 /* FirstViewModel.m */; };
		5AB7590D1FC2D73000A79815 /* NSObject+LQKoding.m in Sources */ = {isa = PBXBuildFile; fileRef = 5AB7590C1FC2D73000A79815 /* NSObject+LQKoding.m */; };
		5AB759111FC2DBFF00A79815 /* LQKUITool.m in Sources */ = {isa = PBXBuildFile; fileRef = 5AB759101FC2DBFF00A79815 /* LQKUITool.m */; };
		5AB759181FC2DECA00A79815 /* LQKRootViewController.m in Sources */ = {isa = PBXBuildFile; fileRef = 5AB759141FC2DECA00A79815 /* LQKRootViewController.m */; };
		5AB759191FC2DECA00A79815 /* LQKTabBarController.m in Sources */ = {isa = PBXBuildFile; fileRef = 5AB759151FC2DECA00A79815 /* LQKTabBarController.m */; };
		5AB7591A1FC2DECA00A79815 /* LQKNavigationController.m in Sources */ = {isa = PBXBuildFile; fileRef = 5AB759161FC2DECA00A79815 /* LQKNavigationController.m */; };
		5AC7F6991FC41939008A300F /* LQKHandleTool.m in Sources */ = {isa = PBXBuildFile; fileRef = 5AC7F6981FC41939008A300F /* LQKHandleTool.m */; };
		5AEB10B51FC677AD0057B812 /* FileManagerViewController.m in Sources */ = {isa = PBXBuildFile; fileRef = 5AEB10B41FC677AD0057B812 /* FileManagerViewController.m */; };
		EF97DC9436D8D2AA9090B29D /* libPods-OCMVVMDemo.a in Frameworks */ = {isa = PBXBuildFile; fileRef = 68BD81C1F59F009A72EF856F /* libPods-OCMVVMDemo.a */; };
/* End PBXBuildFile section */

/* Begin PBXContainerItemProxy section */
		5A55F2A81FBEC439009EA49B /* PBXContainerItemProxy */ = {
			isa = PBXContainerItemProxy;
			containerPortal = 5A55F2871FBEC439009EA49B /* Project object */;
			proxyType = 1;
			remoteGlobalIDString = 5A55F28E1FBEC439009EA49B;
			remoteInfo = OCMVVMDemo;
		};
		5A55F2B31FBEC439009EA49B /* PBXContainerItemProxy */ = {
			isa = PBXContainerItemProxy;
			containerPortal = 5A55F2871FBEC439009EA49B /* Project object */;
			proxyType = 1;
			remoteGlobalIDString = 5A55F28E1FBEC439009EA49B;
			remoteInfo = OCMVVMDemo;
		};
/* End PBXContainerItemProxy section */

/* Begin PBXFileReference section */
		194751B87BF20B9BC8E7EACD /* Pods-OCMVVMDemo.debug.xcconfig */ = {isa = PBXFileReference; includeInIndex = 1; lastKnownFileType = text.xcconfig; name = "Pods-OCMVVMDemo.debug.xcconfig"; path = "Pods/Target Support Files/Pods-OCMVVMDemo/Pods-OCMVVMDemo.debug.xcconfig"; sourceTree = "<group>"; };
		5A4E00EE1FC2E86B0040386A /* LQKFileManager.h */ = {isa = PBXFileReference; lastKnownFileType = sourcecode.c.h; path = LQKFileManager.h; sourceTree = "<group>"; };
		5A4E00EF1FC2E86B0040386A /* LQKFileManager.m */ = {isa = PBXFileReference; lastKnownFileType = sourcecode.c.objc; path = LQKFileManager.m; sourceTree = "<group>"; };
		5A55F28F1FBEC439009EA49B /* OCMVVMDemo.app */ = {isa = PBXFileReference; explicitFileType = wrapper.application; includeInIndex = 0; path = OCMVVMDemo.app; sourceTree = BUILT_PRODUCTS_DIR; };
		5A55F2921FBEC439009EA49B /* AppDelegate.h */ = {isa = PBXFileReference; lastKnownFileType = sourcecode.c.h; path = AppDelegate.h; sourceTree = "<group>"; };
		5A55F2931FBEC439009EA49B /* AppDelegate.m */ = {isa = PBXFileReference; lastKnownFileType = sourcecode.c.objc; path = AppDelegate.m; sourceTree = "<group>"; };
		5A55F2991FBEC439009EA49B /* Base */ = {isa = PBXFileReference; lastKnownFileType = file.storyboard; name = Base; path = Base.lproj/Main.storyboard; sourceTree = "<group>"; };
		5A55F29B1FBEC439009EA49B /* Assets.xcassets */ = {isa = PBXFileReference; lastKnownFileType = folder.assetcatalog; path = Assets.xcassets; sourceTree = "<group>"; };
		5A55F29E1FBEC439009EA49B /* Base */ = {isa = PBXFileReference; lastKnownFileType = file.storyboard; name = Base; path = Base.lproj/LaunchScreen.storyboard; sourceTree = "<group>"; };
		5A55F2A01FBEC439009EA49B /* Info.plist */ = {isa = PBXFileReference; lastKnownFileType = text.plist.xml; path = Info.plist; sourceTree = "<group>"; };
		5A55F2A11FBEC439009EA49B /* main.m */ = {isa = PBXFileReference; lastKnownFileType = sourcecode.c.objc; path = main.m; sourceTree = "<group>"; };
		5A55F2A71FBEC439009EA49B /* OCMVVMDemoTests.xctest */ = {isa = PBXFileReference; explicitFileType = wrapper.cfbundle; includeInIndex = 0; path = OCMVVMDemoTests.xctest; sourceTree = BUILT_PRODUCTS_DIR; };
		5A55F2AB1FBEC439009EA49B /* OCMVVMDemoTests.m */ = {isa = PBXFileReference; lastKnownFileType = sourcecode.c.objc; path = OCMVVMDemoTests.m; sourceTree = "<group>"; };
		5A55F2AD1FBEC439009EA49B /* Info.plist */ = {isa = PBXFileReference; lastKnownFileType = text.plist.xml; path = Info.plist; sourceTree = "<group>"; };
		5A55F2B21FBEC439009EA49B /* OCMVVMDemoUITests.xctest */ = {isa = PBXFileReference; explicitFileType = wrapper.cfbundle; includeInIndex = 0; path = OCMVVMDemoUITests.xctest; sourceTree = BUILT_PRODUCTS_DIR; };
		5A55F2B61FBEC439009EA49B /* OCMVVMDemoUITests.m */ = {isa = PBXFileReference; lastKnownFileType = sourcecode.c.objc; path = OCMVVMDemoUITests.m; sourceTree = "<group>"; };
		5A55F2B81FBEC439009EA49B /* Info.plist */ = {isa = PBXFileReference; lastKnownFileType = text.plist.xml; path = Info.plist; sourceTree = "<group>"; };
		5A55F2CC1FBECA06009EA49B /* LQKMVVMKit.h */ = {isa = PBXFileReference; lastKnownFileType = sourcecode.c.h; path = LQKMVVMKit.h; sourceTree = "<group>"; };
		5A55F2CF1FBEF259009EA49B /* UIView+LQKViewCategory.h */ = {isa = PBXFileReference; lastKnownFileType = sourcecode.c.h; path = "UIView+LQKViewCategory.h"; sourceTree = "<group>"; };
		5A55F2D01FBEF259009EA49B /* UIView+LQKViewCategory.m */ = {isa = PBXFileReference; lastKnownFileType = sourcecode.c.objc; path = "UIView+LQKViewCategory.m"; sourceTree = "<group>"; };
		5A93AA741FC403E300991649 /* LQKVerticalLabel.h */ = {isa = PBXFileReference; lastKnownFileType = sourcecode.c.h; path = LQKVerticalLabel.h; sourceTree = "<group>"; };
		5A93AA751FC403E300991649 /* LQKVerticalLabel.m */ = {isa = PBXFileReference; lastKnownFileType = sourcecode.c.objc; path = LQKVerticalLabel.m; sourceTree = "<group>"; };
		5A9D50091FC53E0F007B0BAE /* LQKNetworkManager.h */ = {isa = PBXFileReference; fileEncoding = 4; lastKnownFileType = sourcecode.c.h; path = LQKNetworkManager.h; sourceTree = "<group>"; };
		5A9D500A1FC53E0F007B0BAE /* LQKNetworkManager.m */ = {isa = PBXFileReference; fileEncoding = 4; lastKnownFileType = sourcecode.c.objc; path = LQKNetworkManager.m; sourceTree = "<group>"; };
		5AB758F21FC2AC4200A79815 /* FirstViewController.h */ = {isa = PBXFileReference; lastKnownFileType = sourcecode.c.h; path = FirstViewController.h; sourceTree = "<group>"; };
		5AB758F31FC2AC4200A79815 /* FirstViewController.m */ = {isa = PBXFileReference; lastKnownFileType = sourcecode.c.objc; path = FirstViewController.m; sourceTree = "<group>"; };
		5AB758F51FC2AC5C00A79815 /* SecondViewController.h */ = {isa = PBXFileReference; lastKnownFileType = sourcecode.c.h; path = SecondViewController.h; sourceTree = "<group>"; };
		5AB758F61FC2AC5C00A79815 /* SecondViewController.m */ = {isa = PBXFileReference; lastKnownFileType = sourcecode.c.objc; path = SecondViewController.m; sourceTree = "<group>"; };
		5AB758F81FC2ADDA00A79815 /* FirstView.h */ = {isa = PBXFileReference; lastKnownFileType = sourcecode.c.h; path = FirstView.h; sourceTree = "<group>"; };
		5AB758F91FC2ADDA00A79815 /* FirstView.m */ = {isa = PBXFileReference; lastKnownFileType = sourcecode.c.objc; path = FirstView.m; sourceTree = "<group>"; };
		5AB758FB1FC2ADEB00A79815 /* FirstViewModel.h */ = {isa = PBXFileReference; lastKnownFileType = sourcecode.c.h; path = FirstViewModel.h; sourceTree = "<group>"; };
		5AB758FC1FC2ADEB00A79815 /* FirstViewModel.m */ = {isa = PBXFileReference; lastKnownFileType = sourcecode.c.objc; path = FirstViewModel.m; sourceTree = "<group>"; };
		5AB758FE1FC2AE0B00A79815 /* LQKPch.pch */ = {isa = PBXFileReference; lastKnownFileType = sourcecode.c.h; path = LQKPch.pch; sourceTree = "<group>"; };
		5AB759061FC2CFB800A79815 /* LQKRequestBlockMacro.h */ = {isa = PBXFileReference; lastKnownFileType = sourcecode.c.h; path = LQKRequestBlockMacro.h; sourceTree = "<group>"; };
		5AB759091FC2D45200A79815 /* LQKViewModelProtocol.h */ = {isa = PBXFileReference; lastKnownFileType = sourcecode.c.h; path = LQKViewModelProtocol.h; sourceTree = "<group>"; };
		5AB7590A1FC2D50200A79815 /* LQKViewProtocol.h */ = {isa = PBXFileReference; lastKnownFileType = sourcecode.c.h; path = LQKViewProtocol.h; sourceTree = "<group>"; };
		5AB7590B1FC2D73000A79815 /* NSObject+LQKCoding.h */ = {isa = PBXFileReference; fileEncoding = 4; lastKnownFileType = sourcecode.c.h; path = "NSObject+LQKCoding.h"; sourceTree = "<group>"; };
		5AB7590C1FC2D73000A79815 /* NSObject+LQKoding.m */ = {isa = PBXFileReference; fileEncoding = 4; lastKnownFileType = sourcecode.c.objc; path = "NSObject+LQKoding.m"; sourceTree = "<group>"; };
		5AB7590E1FC2D82A00A79815 /* LQKUserMacro.h */ = {isa = PBXFileReference; lastKnownFileType = sourcecode.c.h; path = LQKUserMacro.h; sourceTree = "<group>"; };
		5AB7590F1FC2DBFF00A79815 /* LQKUITool.h */ = {isa = PBXFileReference; fileEncoding = 4; lastKnownFileType = sourcecode.c.h; path = LQKUITool.h; sourceTree = "<group>"; };
		5AB759101FC2DBFF00A79815 /* LQKUITool.m */ = {isa = PBXFileReference; fileEncoding = 4; lastKnownFileType = sourcecode.c.objc; path = LQKUITool.m; sourceTree = "<group>"; };
		5AB759121FC2DECA00A79815 /* LQKTabBarController.h */ = {isa = PBXFileReference; fileEncoding = 4; lastKnownFileType = sourcecode.c.h; path = LQKTabBarController.h; sourceTree = "<group>"; };
		5AB759131FC2DECA00A79815 /* LQKRootViewController.h */ = {isa = PBXFileReference; fileEncoding = 4; lastKnownFileType = sourcecode.c.h; path = LQKRootViewController.h; sourceTree = "<group>"; };
		5AB759141FC2DECA00A79815 /* LQKRootViewController.m */ = {isa = PBXFileReference; fileEncoding = 4; lastKnownFileType = sourcecode.c.objc; path = LQKRootViewController.m; sourceTree = "<group>"; };
		5AB759151FC2DECA00A79815 /* LQKTabBarController.m */ = {isa = PBXFileReference; fileEncoding = 4; lastKnownFileType = sourcecode.c.objc; path = LQKTabBarController.m; sourceTree = "<group>"; };
		5AB759161FC2DECA00A79815 /* LQKNavigationController.m */ = {isa = PBXFileReference; fileEncoding = 4; lastKnownFileType = sourcecode.c.objc; path = LQKNavigationController.m; sourceTree = "<group>"; };
		5AB759171FC2DECA00A79815 /* LQKNavigationController.h */ = {isa = PBXFileReference; fileEncoding = 4; lastKnownFileType = sourcecode.c.h; path = LQKNavigationController.h; sourceTree = "<group>"; };
		5AC7F6971FC41939008A300F /* LQKHandleTool.h */ = {isa = PBXFileReference; lastKnownFileType = sourcecode.c.h; path = LQKHandleTool.h; sourceTree = "<group>"; };
		5AC7F6981FC41939008A300F /* LQKHandleTool.m */ = {isa = PBXFileReference; lastKnownFileType = sourcecode.c.objc; path = LQKHandleTool.m; sourceTree = "<group>"; };
		5AEB10B31FC677AD0057B812 /* FileManagerViewController.h */ = {isa = PBXFileReference; lastKnownFileType = sourcecode.c.h; path = FileManagerViewController.h; sourceTree = "<group>"; };
		5AEB10B41FC677AD0057B812 /* FileManagerViewController.m */ = {isa = PBXFileReference; lastKnownFileType = sourcecode.c.objc; path = FileManagerViewController.m; sourceTree = "<group>"; };
		68BD81C1F59F009A72EF856F /* libPods-OCMVVMDemo.a */ = {isa = PBXFileReference; explicitFileType = archive.ar; includeInIndex = 0; path = "libPods-OCMVVMDemo.a"; sourceTree = BUILT_PRODUCTS_DIR; };
		D4FE3D683FDC26BF74536E4F /* Pods-OCMVVMDemo.release.xcconfig */ = {isa = PBXFileReference; includeInIndex = 1; lastKnownFileType = text.xcconfig; name = "Pods-OCMVVMDemo.release.xcconfig"; path = "Pods/Target Support Files/Pods-OCMVVMDemo/Pods-OCMVVMDemo.release.xcconfig"; sourceTree = "<group>"; };
/* End PBXFileReference section */

/* Begin PBXFrameworksBuildPhase section */
		5A55F28C1FBEC439009EA49B /* Frameworks */ = {
			isa = PBXFrameworksBuildPhase;
			buildActionMask = 2147483647;
			files = (
				EF97DC9436D8D2AA9090B29D /* libPods-OCMVVMDemo.a in Frameworks */,
			);
			runOnlyForDeploymentPostprocessing = 0;
		};
		5A55F2A41FBEC439009EA49B /* Frameworks */ = {
			isa = PBXFrameworksBuildPhase;
			buildActionMask = 2147483647;
			files = (
			);
			runOnlyForDeploymentPostprocessing = 0;
		};
		5A55F2AF1FBEC439009EA49B /* Frameworks */ = {
			isa = PBXFrameworksBuildPhase;
			buildActionMask = 2147483647;
			files = (
			);
			runOnlyForDeploymentPostprocessing = 0;
		};
/* End PBXFrameworksBuildPhase section */

/* Begin PBXGroup section */
		15C6D949800FD3019C400F89 /* Frameworks */ = {
			isa = PBXGroup;
			children = (
				68BD81C1F59F009A72EF856F /* libPods-OCMVVMDemo.a */,
			);
			name = Frameworks;
			sourceTree = "<group>";
		};
		5A55F2861FBEC439009EA49B = {
			isa = PBXGroup;
			children = (
				5A55F2911FBEC439009EA49B /* OCMVVMDemo */,
				5A55F2AA1FBEC439009EA49B /* OCMVVMDemoTests */,
				5A55F2B51FBEC439009EA49B /* OCMVVMDemoUITests */,
				5A55F2901FBEC439009EA49B /* Products */,
				ABD89CA1270EC5517CF2DB0C /* Pods */,
				15C6D949800FD3019C400F89 /* Frameworks */,
			);
			sourceTree = "<group>";
		};
		5A55F2901FBEC439009EA49B /* Products */ = {
			isa = PBXGroup;
			children = (
				5A55F28F1FBEC439009EA49B /* OCMVVMDemo.app */,
				5A55F2A71FBEC439009EA49B /* OCMVVMDemoTests.xctest */,
				5A55F2B21FBEC439009EA49B /* OCMVVMDemoUITests.xctest */,
			);
			name = Products;
			sourceTree = "<group>";
		};
		5A55F2911FBEC439009EA49B /* OCMVVMDemo */ = {
			isa = PBXGroup;
			children = (
				5A55F2C41FBEC45B009EA49B /* LQKMVVMKit */,
				5AB758ED1FC2AC2C00A79815 /* Example */,
				5A55F2921FBEC439009EA49B /* AppDelegate.h */,
				5A55F2931FBEC439009EA49B /* AppDelegate.m */,
				5A55F2981FBEC439009EA49B /* Main.storyboard */,
				5A55F29B1FBEC439009EA49B /* Assets.xcassets */,
				5A55F29D1FBEC439009EA49B /* LaunchScreen.storyboard */,
				5A55F2A01FBEC439009EA49B /* Info.plist */,
				5A55F2A11FBEC439009EA49B /* main.m */,
				5AB758FE1FC2AE0B00A79815 /* LQKPch.pch */,
			);
			path = OCMVVMDemo;
			sourceTree = "<group>";
		};
		5A55F2AA1FBEC439009EA49B /* OCMVVMDemoTests */ = {
			isa = PBXGroup;
			children = (
				5A55F2AB1FBEC439009EA49B /* OCMVVMDemoTests.m */,
				5A55F2AD1FBEC439009EA49B /* Info.plist */,
			);
			path = OCMVVMDemoTests;
			sourceTree = "<group>";
		};
		5A55F2B51FBEC439009EA49B /* OCMVVMDemoUITests */ = {
			isa = PBXGroup;
			children = (
				5A55F2B61FBEC439009EA49B /* OCMVVMDemoUITests.m */,
				5A55F2B81FBEC439009EA49B /* Info.plist */,
			);
			path = OCMVVMDemoUITests;
			sourceTree = "<group>";
		};
		5A55F2C41FBEC45B009EA49B /* LQKMVVMKit */ = {
			isa = PBXGroup;
			children = (
				5AB759051FC2CE4F00A79815 /* LQKTool */,
				5A55F2C91FBEC87F009EA49B /* LQKBase */,
				5A55F2CB1FBEC8E9009EA49B /* LQKProtocol */,
				5A55F2C71FBEC87F009EA49B /* LQKCategory */,
				5A55F2CA1FBEC87F009EA49B /* LQKRequest */,
				5A55F2C81FBEC87F009EA49B /* LQKStore */,
				5A55F2CC1FBECA06009EA49B /* LQKMVVMKit.h */,
			);
			path = LQKMVVMKit;
			sourceTree = "<group>";
		};
		5A55F2C71FBEC87F009EA49B /* LQKCategory */ = {
			isa = PBXGroup;
			children = (
				5A55F2CF1FBEF259009EA49B /* UIView+LQKViewCategory.h */,
				5A55F2D01FBEF259009EA49B /* UIView+LQKViewCategory.m */,
				5AB7590B1FC2D73000A79815 /* NSObject+LQKCoding.h */,
				5AB7590C1FC2D73000A79815 /* NSObject+LQKoding.m */,
			);
			path = LQKCategory;
			sourceTree = "<group>";
		};
		5A55F2C81FBEC87F009EA49B /* LQKStore */ = {
			isa = PBXGroup;
			children = (
				5A4E00EE1FC2E86B0040386A /* LQKFileManager.h */,
				5A4E00EF1FC2E86B0040386A /* LQKFileManager.m */,
			);
			path = LQKStore;
			sourceTree = "<group>";
		};
		5A55F2C91FBEC87F009EA49B /* LQKBase */ = {
			isa = PBXGroup;
			children = (
				5AB759171FC2DECA00A79815 /* LQKNavigationController.h */,
				5AB759161FC2DECA00A79815 /* LQKNavigationController.m */,
				5AB759131FC2DECA00A79815 /* LQKRootViewController.h */,
				5AB759141FC2DECA00A79815 /* LQKRootViewController.m */,
				5AB759121FC2DECA00A79815 /* LQKTabBarController.h */,
				5AB759151FC2DECA00A79815 /* LQKTabBarController.m */,
			);
			path = LQKBase;
			sourceTree = "<group>";
		};
		5A55F2CA1FBEC87F009EA49B /* LQKRequest */ = {
			isa = PBXGroup;
			children = (
				5AB759061FC2CFB800A79815 /* LQKRequestBlockMacro.h */,
				5A9D50091FC53E0F007B0BAE /* LQKNetworkManager.h */,
				5A9D500A1FC53E0F007B0BAE /* LQKNetworkManager.m */,
			);
			path = LQKRequest;
			sourceTree = "<group>";
		};
		5A55F2CB1FBEC8E9009EA49B /* LQKProtocol */ = {
			isa = PBXGroup;
			children = (
				5AB759091FC2D45200A79815 /* LQKViewModelProtocol.h */,
				5AB7590A1FC2D50200A79815 /* LQKViewProtocol.h */,
			);
			path = LQKProtocol;
			sourceTree = "<group>";
		};
		5AB758ED1FC2AC2C00A79815 /* Example */ = {
			isa = PBXGroup;
			children = (
				5AB758EE1FC2AC2C00A79815 /* ViewModel */,
				5AB758EF1FC2AC2C00A79815 /* Model */,
				5AB758F01FC2AC2C00A79815 /* View */,
				5AB758F11FC2AC2C00A79815 /* ViewController */,
			);
			path = Example;
			sourceTree = "<group>";
		};
		5AB758EE1FC2AC2C00A79815 /* ViewModel */ = {
			isa = PBXGroup;
			children = (
				5AB758FB1FC2ADEB00A79815 /* FirstViewModel.h */,
				5AB758FC1FC2ADEB00A79815 /* FirstViewModel.m */,
			);
			path = ViewModel;
			sourceTree = "<group>";
		};
		5AB758EF1FC2AC2C00A79815 /* Model */ = {
			isa = PBXGroup;
			children = (
			);
			path = Model;
			sourceTree = "<group>";
		};
		5AB758F01FC2AC2C00A79815 /* View */ = {
			isa = PBXGroup;
			children = (
				5AB758F81FC2ADDA00A79815 /* FirstView.h */,
				5AB758F91FC2ADDA00A79815 /* FirstView.m */,
			);
			path = View;
			sourceTree = "<group>";
		};
		5AB758F11FC2AC2C00A79815 /* ViewController */ = {
			isa = PBXGroup;
			children = (
				5AB758F21FC2AC4200A79815 /* FirstViewController.h */,
				5AB758F31FC2AC4200A79815 /* FirstViewController.m */,
				5AB758F51FC2AC5C00A79815 /* SecondViewController.h */,
				5AB758F61FC2AC5C00A79815 /* SecondViewController.m */,
				5AEB10B31FC677AD0057B812 /* FileManagerViewController.h */,
				5AEB10B41FC677AD0057B812 /* FileManagerViewController.m */,
			);
			path = ViewController;
			sourceTree = "<group>";
		};
		5AB759051FC2CE4F00A79815 /* LQKTool */ = {
			isa = PBXGroup;
			children = (
				5AB7590E1FC2D82A00A79815 /* LQKUserMacro.h */,
				5AB7590F1FC2DBFF00A79815 /* LQKUITool.h */,
				5AB759101FC2DBFF00A79815 /* LQKUITool.m */,
				5A93AA741FC403E300991649 /* LQKVerticalLabel.h */,
				5A93AA751FC403E300991649 /* LQKVerticalLabel.m */,
				5AC7F6971FC41939008A300F /* LQKHandleTool.h */,
				5AC7F6981FC41939008A300F /* LQKHandleTool.m */,
			);
			path = LQKTool;
			sourceTree = "<group>";
		};
		ABD89CA1270EC5517CF2DB0C /* Pods */ = {
			isa = PBXGroup;
			children = (
				194751B87BF20B9BC8E7EACD /* Pods-OCMVVMDemo.debug.xcconfig */,
				D4FE3D683FDC26BF74536E4F /* Pods-OCMVVMDemo.release.xcconfig */,
			);
			name = Pods;
			sourceTree = "<group>";
		};
/* End PBXGroup section */

/* Begin PBXNativeTarget section */
		5A55F28E1FBEC439009EA49B /* OCMVVMDemo */ = {
			isa = PBXNativeTarget;
			buildConfigurationList = 5A55F2BB1FBEC439009EA49B /* Build configuration list for PBXNativeTarget "OCMVVMDemo" */;
			buildPhases = (
				7E2A50FB0FE0FBC01E85A487 /* [CP] Check Pods Manifest.lock */,
				5A55F28B1FBEC439009EA49B /* Sources */,
				5A55F28C1FBEC439009EA49B /* Frameworks */,
				5A55F28D1FBEC439009EA49B /* Resources */,
				F0B382E41516E8309AB4FE99 /* [CP] Embed Pods Frameworks */,
				8D62E181E0B1AC75F7D2BF98 /* [CP] Copy Pods Resources */,
			);
			buildRules = (
			);
			dependencies = (
			);
			name = OCMVVMDemo;
			productName = OCMVVMDemo;
			productReference = 5A55F28F1FBEC439009EA49B /* OCMVVMDemo.app */;
			productType = "com.apple.product-type.application";
		};
		5A55F2A61FBEC439009EA49B /* OCMVVMDemoTests */ = {
			isa = PBXNativeTarget;
			buildConfigurationList = 5A55F2BE1FBEC439009EA49B /* Build configuration list for PBXNativeTarget "OCMVVMDemoTests" */;
			buildPhases = (
				5A55F2A31FBEC439009EA49B /* Sources */,
				5A55F2A41FBEC439009EA49B /* Frameworks */,
				5A55F2A51FBEC439009EA49B /* Resources */,
			);
			buildRules = (
			);
			dependencies = (
				5A55F2A91FBEC439009EA49B /* PBXTargetDependency */,
			);
			name = OCMVVMDemoTests;
			productName = OCMVVMDemoTests;
			productReference = 5A55F2A71FBEC439009EA49B /* OCMVVMDemoTests.xctest */;
			productType = "com.apple.product-type.bundle.unit-test";
		};
		5A55F2B11FBEC439009EA49B /* OCMVVMDemoUITests */ = {
			isa = PBXNativeTarget;
			buildConfigurationList = 5A55F2C11FBEC439009EA49B /* Build configuration list for PBXNativeTarget "OCMVVMDemoUITests" */;
			buildPhases = (
				5A55F2AE1FBEC439009EA49B /* Sources */,
				5A55F2AF1FBEC439009EA49B /* Frameworks */,
				5A55F2B01FBEC439009EA49B /* Resources */,
			);
			buildRules = (
			);
			dependencies = (
				5A55F2B41FBEC439009EA49B /* PBXTargetDependency */,
			);
			name = OCMVVMDemoUITests;
			productName = OCMVVMDemoUITests;
			productReference = 5A55F2B21FBEC439009EA49B /* OCMVVMDemoUITests.xctest */;
			productType = "com.apple.product-type.bundle.ui-testing";
		};
/* End PBXNativeTarget section */

/* Begin PBXProject section */
		5A55F2871FBEC439009EA49B /* Project object */ = {
			isa = PBXProject;
			attributes = {
				LastUpgradeCheck = 0910;
				ORGANIZATIONNAME = liquan;
				TargetAttributes = {
					5A55F28E1FBEC439009EA49B = {
						CreatedOnToolsVersion = 9.1;
						ProvisioningStyle = Automatic;
					};
					5A55F2A61FBEC439009EA49B = {
						CreatedOnToolsVersion = 9.1;
						ProvisioningStyle = Automatic;
						TestTargetID = 5A55F28E1FBEC439009EA49B;
					};
					5A55F2B11FBEC439009EA49B = {
						CreatedOnToolsVersion = 9.1;
						ProvisioningStyle = Automatic;
						TestTargetID = 5A55F28E1FBEC439009EA49B;
					};
				};
			};
			buildConfigurationList = 5A55F28A1FBEC439009EA49B /* Build configuration list for PBXProject "OCMVVMDemo" */;
			compatibilityVersion = "Xcode 8.0";
			developmentRegion = en;
			hasScannedForEncodings = 0;
			knownRegions = (
				en,
				Base,
			);
			mainGroup = 5A55F2861FBEC439009EA49B;
			productRefGroup = 5A55F2901FBEC439009EA49B /* Products */;
			projectDirPath = "";
			projectRoot = "";
			targets = (
				5A55F28E1FBEC439009EA49B /* OCMVVMDemo */,
				5A55F2A61FBEC439009EA49B /* OCMVVMDemoTests */,
				5A55F2B11FBEC439009EA49B /* OCMVVMDemoUITests */,
			);
		};
/* End PBXProject section */

/* Begin PBXResourcesBuildPhase section */
		5A55F28D1FBEC439009EA49B /* Resources */ = {
			isa = PBXResourcesBuildPhase;
			buildActionMask = 2147483647;
			files = (
				5A55F29F1FBEC439009EA49B /* LaunchScreen.storyboard in Resources */,
				5A55F29C1FBEC439009EA49B /* Assets.xcassets in Resources */,
				5A55F29A1FBEC439009EA49B /* Main.storyboard in Resources */,
			);
			runOnlyForDeploymentPostprocessing = 0;
		};
		5A55F2A51FBEC439009EA49B /* Resources */ = {
			isa = PBXResourcesBuildPhase;
			buildActionMask = 2147483647;
			files = (
			);
			runOnlyForDeploymentPostprocessing = 0;
		};
		5A55F2B01FBEC439009EA49B /* Resources */ = {
			isa = PBXResourcesBuildPhase;
			buildActionMask = 2147483647;
			files = (
			);
			runOnlyForDeploymentPostprocessing = 0;
		};
/* End PBXResourcesBuildPhase section */

/* Begin PBXShellScriptBuildPhase section */
		7E2A50FB0FE0FBC01E85A487 /* [CP] Check Pods Manifest.lock */ = {
			isa = PBXShellScriptBuildPhase;
			buildActionMask = 2147483647;
			files = (
			);
			inputPaths = (
				"${PODS_PODFILE_DIR_PATH}/Podfile.lock",
				"${PODS_ROOT}/Manifest.lock",
			);
			name = "[CP] Check Pods Manifest.lock";
			outputPaths = (
				"$(DERIVED_FILE_DIR)/Pods-OCMVVMDemo-checkManifestLockResult.txt",
			);
			runOnlyForDeploymentPostprocessing = 0;
			shellPath = /bin/sh;
			shellScript = "diff \"${PODS_PODFILE_DIR_PATH}/Podfile.lock\" \"${PODS_ROOT}/Manifest.lock\" > /dev/null\nif [ $? != 0 ] ; then\n    # print error to STDERR\n    echo \"error: The sandbox is not in sync with the Podfile.lock. Run 'pod install' or update your CocoaPods installation.\" >&2\n    exit 1\nfi\n# This output is used by Xcode 'outputs' to avoid re-running this script phase.\necho \"SUCCESS\" > \"${SCRIPT_OUTPUT_FILE_0}\"\n";
			showEnvVarsInLog = 0;
		};
		8D62E181E0B1AC75F7D2BF98 /* [CP] Copy Pods Resources */ = {
			isa = PBXShellScriptBuildPhase;
			buildActionMask = 2147483647;
			files = (
			);
			inputPaths = (
			);
			name = "[CP] Copy Pods Resources";
			outputPaths = (
			);
			runOnlyForDeploymentPostprocessing = 0;
			shellPath = /bin/sh;
			shellScript = "\"${SRCROOT}/Pods/Target Support Files/Pods-OCMVVMDemo/Pods-OCMVVMDemo-resources.sh\"\n";
			showEnvVarsInLog = 0;
		};
		F0B382E41516E8309AB4FE99 /* [CP] Embed Pods Frameworks */ = {
			isa = PBXShellScriptBuildPhase;
			buildActionMask = 2147483647;
			files = (
			);
			inputPaths = (
			);
			name = "[CP] Embed Pods Frameworks";
			outputPaths = (
			);
			runOnlyForDeploymentPostprocessing = 0;
			shellPath = /bin/sh;
			shellScript = "\"${SRCROOT}/Pods/Target Support Files/Pods-OCMVVMDemo/Pods-OCMVVMDemo-frameworks.sh\"\n";
			showEnvVarsInLog = 0;
		};
/* End PBXShellScriptBuildPhase section */

/* Begin PBXSourcesBuildPhase section */
		5A55F28B1FBEC439009EA49B /* Sources */ = {
			isa = PBXSourcesBuildPhase;
			buildActionMask = 2147483647;
			files = (
				5AB758F71FC2AC5C00A79815 /* SecondViewController.m in Sources */,
				5AB7591A1FC2DECA00A79815 /* LQKNavigationController.m in Sources */,
				5A55F2D11FBEF259009EA49B /* UIView+LQKViewCategory.m in Sources */,
				5A93AA761FC403E300991649 /* LQKVerticalLabel.m in Sources */,
				5A9D500B1FC53E0F007B0BAE /* LQKNetworkManager.m in Sources */,
				5AB7590D1FC2D73000A79815 /* NSObject+LQKoding.m in Sources */,
				5A4E00F01FC2E86B0040386A /* LQKFileManager.m in Sources */,
				5AB758F41FC2AC4200A79815 /* FirstViewController.m in Sources */,
				5A55F2A21FBEC439009EA49B /* main.m in Sources */,
				5AEB10B51FC677AD0057B812 /* FileManagerViewController.m in Sources */,
				5AB758FA1FC2ADDA00A79815 /* FirstView.m in Sources */,
				5AB759191FC2DECA00A79815 /* LQKTabBarController.m in Sources */,
				5A55F2941FBEC439009EA49B /* AppDelegate.m in Sources */,
				5AC7F6991FC41939008A300F /* LQKHandleTool.m in Sources */,
				5AB759111FC2DBFF00A79815 /* LQKUITool.m in Sources */,
				5AB759181FC2DECA00A79815 /* LQKRootViewController.m in Sources */,
				5AB758FD1FC2ADEB00A79815 /* FirstViewModel.m in Sources */,
			);
			runOnlyForDeploymentPostprocessing = 0;
		};
		5A55F2A31FBEC439009EA49B /* Sources */ = {
			isa = PBXSourcesBuildPhase;
			buildActionMask = 2147483647;
			files = (
				5A55F2AC1FBEC439009EA49B /* OCMVVMDemoTests.m in Sources */,
			);
			runOnlyForDeploymentPostprocessing = 0;
		};
		5A55F2AE1FBEC439009EA49B /* Sources */ = {
			isa = PBXSourcesBuildPhase;
			buildActionMask = 2147483647;
			files = (
				5A55F2B71FBEC439009EA49B /* OCMVVMDemoUITests.m in Sources */,
			);
			runOnlyForDeploymentPostprocessing = 0;
		};
/* End PBXSourcesBuildPhase section */

/* Begin PBXTargetDependency section */
		5A55F2A91FBEC439009EA49B /* PBXTargetDependency */ = {
			isa = PBXTargetDependency;
			target = 5A55F28E1FBEC439009EA49B /* OCMVVMDemo */;
			targetProxy = 5A55F2A81FBEC439009EA49B /* PBXContainerItemProxy */;
		};
		5A55F2B41FBEC439009EA49B /* PBXTargetDependency */ = {
			isa = PBXTargetDependency;
			target = 5A55F28E1FBEC439009EA49B /* OCMVVMDemo */;
			targetProxy = 5A55F2B31FBEC439009EA49B /* PBXContainerItemProxy */;
		};
/* End PBXTargetDependency section */

/* Begin PBXVariantGroup section */
		5A55F2981FBEC439009EA49B /* Main.storyboard */ = {
			isa = PBXVariantGroup;
			children = (
				5A55F2991FBEC439009EA49B /* Base */,
			);
			name = Main.storyboard;
			sourceTree = "<group>";
		};
		5A55F29D1FBEC439009EA49B /* LaunchScreen.storyboard */ = {
			isa = PBXVariantGroup;
			children = (
				5A55F29E1FBEC439009EA49B /* Base */,
			);
			name = LaunchScreen.storyboard;
			sourceTree = "<group>";
		};
/* End PBXVariantGroup section */

/* Begin XCBuildConfiguration section */
		5A55F2B91FBEC439009EA49B /* Debug */ = {
			isa = XCBuildConfiguration;
			buildSettings = {
				ALWAYS_SEARCH_USER_PATHS = NO;
				CLANG_ANALYZER_NONNULL = YES;
				CLANG_ANALYZER_NUMBER_OBJECT_CONVERSION = YES_AGGRESSIVE;
				CLANG_CXX_LANGUAGE_STANDARD = "gnu++14";
				CLANG_CXX_LIBRARY = "libc++";
				CLANG_ENABLE_MODULES = YES;
				CLANG_ENABLE_OBJC_ARC = YES;
				CLANG_WARN_BLOCK_CAPTURE_AUTORELEASING = YES;
				CLANG_WARN_BOOL_CONVERSION = YES;
				CLANG_WARN_COMMA = YES;
				CLANG_WARN_CONSTANT_CONVERSION = YES;
				CLANG_WARN_DIRECT_OBJC_ISA_USAGE = YES_ERROR;
				CLANG_WARN_DOCUMENTATION_COMMENTS = YES;
				CLANG_WARN_EMPTY_BODY = YES;
				CLANG_WARN_ENUM_CONVERSION = YES;
				CLANG_WARN_INFINITE_RECURSION = YES;
				CLANG_WARN_INT_CONVERSION = YES;
				CLANG_WARN_NON_LITERAL_NULL_CONVERSION = YES;
				CLANG_WARN_OBJC_LITERAL_CONVERSION = YES;
				CLANG_WARN_OBJC_ROOT_CLASS = YES_ERROR;
				CLANG_WARN_RANGE_LOOP_ANALYSIS = YES;
				CLANG_WARN_STRICT_PROTOTYPES = YES;
				CLANG_WARN_SUSPICIOUS_MOVE = YES;
				CLANG_WARN_UNGUARDED_AVAILABILITY = YES_AGGRESSIVE;
				CLANG_WARN_UNREACHABLE_CODE = YES;
				CLANG_WARN__DUPLICATE_METHOD_MATCH = YES;
				CODE_SIGN_IDENTITY = "iPhone Developer";
				COPY_PHASE_STRIP = NO;
				DEBUG_INFORMATION_FORMAT = dwarf;
				ENABLE_STRICT_OBJC_MSGSEND = YES;
				ENABLE_TESTABILITY = YES;
				GCC_C_LANGUAGE_STANDARD = gnu11;
				GCC_DYNAMIC_NO_PIC = NO;
				GCC_NO_COMMON_BLOCKS = YES;
				GCC_OPTIMIZATION_LEVEL = 0;
				GCC_PREPROCESSOR_DEFINITIONS = (
					"DEBUG=1",
					"$(inherited)",
				);
				GCC_WARN_64_TO_32_BIT_CONVERSION = YES;
				GCC_WARN_ABOUT_RETURN_TYPE = YES_ERROR;
				GCC_WARN_UNDECLARED_SELECTOR = YES;
				GCC_WARN_UNINITIALIZED_AUTOS = YES_AGGRESSIVE;
				GCC_WARN_UNUSED_FUNCTION = YES;
				GCC_WARN_UNUSED_VARIABLE = YES;
				IPHONEOS_DEPLOYMENT_TARGET = 11.1;
				MTL_ENABLE_DEBUG_INFO = YES;
				ONLY_ACTIVE_ARCH = YES;
				SDKROOT = iphoneos;
			};
			name = Debug;
		};
		5A55F2BA1FBEC439009EA49B /* Release */ = {
			isa = XCBuildConfiguration;
			buildSettings = {
				ALWAYS_SEARCH_USER_PATHS = NO;
				CLANG_ANALYZER_NONNULL = YES;
				CLANG_ANALYZER_NUMBER_OBJECT_CONVERSION = YES_AGGRESSIVE;
				CLANG_CXX_LANGUAGE_STANDARD = "gnu++14";
				CLANG_CXX_LIBRARY = "libc++";
				CLANG_ENABLE_MODULES = YES;
				CLANG_ENABLE_OBJC_ARC = YES;
				CLANG_WARN_BLOCK_CAPTURE_AUTORELEASING = YES;
				CLANG_WARN_BOOL_CONVERSION = YES;
				CLANG_WARN_COMMA = YES;
				CLANG_WARN_CONSTANT_CONVERSION = YES;
				CLANG_WARN_DIRECT_OBJC_ISA_USAGE = YES_ERROR;
				CLANG_WARN_DOCUMENTATION_COMMENTS = YES;
				CLANG_WARN_EMPTY_BODY = YES;
				CLANG_WARN_ENUM_CONVERSION = YES;
				CLANG_WARN_INFINITE_RECURSION = YES;
				CLANG_WARN_INT_CONVERSION = YES;
				CLANG_WARN_NON_LITERAL_NULL_CONVERSION = YES;
				CLANG_WARN_OBJC_LITERAL_CONVERSION = YES;
				CLANG_WARN_OBJC_ROOT_CLASS = YES_ERROR;
				CLANG_WARN_RANGE_LOOP_ANALYSIS = YES;
				CLANG_WARN_STRICT_PROTOTYPES = YES;
				CLANG_WARN_SUSPICIOUS_MOVE = YES;
				CLANG_WARN_UNGUARDED_AVAILABILITY = YES_AGGRESSIVE;
				CLANG_WARN_UNREACHABLE_CODE = YES;
				CLANG_WARN__DUPLICATE_METHOD_MATCH = YES;
				CODE_SIGN_IDENTITY = "iPhone Developer";
				COPY_PHASE_STRIP = NO;
				DEBUG_INFORMATION_FORMAT = "dwarf-with-dsym";
				ENABLE_NS_ASSERTIONS = NO;
				ENABLE_STRICT_OBJC_MSGSEND = YES;
				GCC_C_LANGUAGE_STANDARD = gnu11;
				GCC_NO_COMMON_BLOCKS = YES;
				GCC_WARN_64_TO_32_BIT_CONVERSION = YES;
				GCC_WARN_ABOUT_RETURN_TYPE = YES_ERROR;
				GCC_WARN_UNDECLARED_SELECTOR = YES;
				GCC_WARN_UNINITIALIZED_AUTOS = YES_AGGRESSIVE;
				GCC_WARN_UNUSED_FUNCTION = YES;
				GCC_WARN_UNUSED_VARIABLE = YES;
				IPHONEOS_DEPLOYMENT_TARGET = 11.1;
				MTL_ENABLE_DEBUG_INFO = NO;
				SDKROOT = iphoneos;
				VALIDATE_PRODUCT = YES;
			};
			name = Release;
		};
		5A55F2BC1FBEC439009EA49B /* Debug */ = {
			isa = XCBuildConfiguration;
			baseConfigurationReference = 194751B87BF20B9BC8E7EACD /* Pods-OCMVVMDemo.debug.xcconfig */;
			buildSettings = {
				ASSETCATALOG_COMPILER_APPICON_NAME = AppIcon;
				CODE_SIGN_STYLE = Automatic;
				DEVELOPMENT_TEAM = 722NRKH4P6;
				GCC_PREFIX_HEADER = OCMVVMDemo/LQKPch.pch;
				INFOPLIST_FILE = OCMVVMDemo/Info.plist;
				LD_RUNPATH_SEARCH_PATHS = "$(inherited) @executable_path/Frameworks";
				PRODUCT_BUNDLE_IDENTIFIER = liquan.OCMVVMDemo;
				PRODUCT_NAME = "$(TARGET_NAME)";
				TARGETED_DEVICE_FAMILY = "1,2";
			};
			name = Debug;
		};
		5A55F2BD1FBEC439009EA49B /* Release */ = {
			isa = XCBuildConfiguration;
			baseConfigurationReference = D4FE3D683FDC26BF74536E4F /* Pods-OCMVVMDemo.release.xcconfig */;
			buildSettings = {
				ASSETCATALOG_COMPILER_APPICON_NAME = AppIcon;
				CODE_SIGN_STYLE = Automatic;
				DEVELOPMENT_TEAM = 722NRKH4P6;
				GCC_PREFIX_HEADER = OCMVVMDemo/LQKPch.pch;
				INFOPLIST_FILE = OCMVVMDemo/Info.plist;
				LD_RUNPATH_SEARCH_PATHS = "$(inherited) @executable_path/Frameworks";
				PRODUCT_BUNDLE_IDENTIFIER = liquan.OCMVVMDemo;
				PRODUCT_NAME = "$(TARGET_NAME)";
				TARGETED_DEVICE_FAMILY = "1,2";
			};
			name = Release;
		};
		5A55F2BF1FBEC439009EA49B /* Debug */ = {
			isa = XCBuildConfiguration;
			buildSettings = {
				BUNDLE_LOADER = "$(TEST_HOST)";
				CODE_SIGN_STYLE = Automatic;
				DEVELOPMENT_TEAM = 722NRKH4P6;
				INFOPLIST_FILE = OCMVVMDemoTests/Info.plist;
				LD_RUNPATH_SEARCH_PATHS = "$(inherited) @executable_path/Frameworks @loader_path/Frameworks";
				PRODUCT_BUNDLE_IDENTIFIER = liquan.OCMVVMDemoTests;
				PRODUCT_NAME = "$(TARGET_NAME)";
				TARGETED_DEVICE_FAMILY = "1,2";
				TEST_HOST = "$(BUILT_PRODUCTS_DIR)/OCMVVMDemo.app/OCMVVMDemo";
			};
			name = Debug;
		};
		5A55F2C01FBEC439009EA49B /* Release */ = {
			isa = XCBuildConfiguration;
			buildSettings = {
				BUNDLE_LOADER = "$(TEST_HOST)";
				CODE_SIGN_STYLE = Automatic;
				DEVELOPMENT_TEAM = 722NRKH4P6;
				INFOPLIST_FILE = OCMVVMDemoTests/Info.plist;
				LD_RUNPATH_SEARCH_PATHS = "$(inherited) @executable_path/Frameworks @loader_path/Frameworks";
				PRODUCT_BUNDLE_IDENTIFIER = liquan.OCMVVMDemoTests;
				PRODUCT_NAME = "$(TARGET_NAME)";
				TARGETED_DEVICE_FAMILY = "1,2";
				TEST_HOST = "$(BUILT_PRODUCTS_DIR)/OCMVVMDemo.app/OCMVVMDemo";
			};
			name = Release;
		};
		5A55F2C21FBEC439009EA49B /* Debug */ = {
			isa = XCBuildConfiguration;
			buildSettings = {
				CODE_SIGN_STYLE = Automatic;
				DEVELOPMENT_TEAM = 722NRKH4P6;
				INFOPLIST_FILE = OCMVVMDemoUITests/Info.plist;
				LD_RUNPATH_SEARCH_PATHS = "$(inherited) @executable_path/Frameworks @loader_path/Frameworks";
				PRODUCT_BUNDLE_IDENTIFIER = liquan.OCMVVMDemoUITests;
				PRODUCT_NAME = "$(TARGET_NAME)";
				TARGETED_DEVICE_FAMILY = "1,2";
				TEST_TARGET_NAME = OCMVVMDemo;
			};
			name = Debug;
		};
		5A55F2C31FBEC439009EA49B /* Release */ = {
			isa = XCBuildConfiguration;
			buildSettings = {
				CODE_SIGN_STYLE = Automatic;
				DEVELOPMENT_TEAM = 722NRKH4P6;
				INFOPLIST_FILE = OCMVVMDemoUITests/Info.plist;
				LD_RUNPATH_SEARCH_PATHS = "$(inherited) @executable_path/Frameworks @loader_path/Frameworks";
				PRODUCT_BUNDLE_IDENTIFIER = liquan.OCMVVMDemoUITests;
				PRODUCT_NAME = "$(TARGET_NAME)";
				TARGETED_DEVICE_FAMILY = "1,2";
				TEST_TARGET_NAME = OCMVVMDemo;
			};
			name = Release;
		};
/* End XCBuildConfiguration section */

/* Begin XCConfigurationList section */
		5A55F28A1FBEC439009EA49B /* Build configuration list for PBXProject "OCMVVMDemo" */ = {
			isa = XCConfigurationList;
			buildConfigurations = (
				5A55F2B91FBEC439009EA49B /* Debug */,
				5A55F2BA1FBEC439009EA49B /* Release */,
			);
			defaultConfigurationIsVisible = 0;
			defaultConfigurationName = Release;
		};
		5A55F2BB1FBEC439009EA49B /* Build configuration list for PBXNativeTarget "OCMVVMDemo" */ = {
			isa = XCConfigurationList;
			buildConfigurations = (
				5A55F2BC1FBEC439009EA49B /* Debug */,
				5A55F2BD1FBEC439009EA49B /* Release */,
			);
			defaultConfigurationIsVisible = 0;
			defaultConfigurationName = Release;
		};
		5A55F2BE1FBEC439009EA49B /* Build configuration list for PBXNativeTarget "OCMVVMDemoTests" */ = {
			isa = XCConfigurationList;
			buildConfigurations = (
				5A55F2BF1FBEC439009EA49B /* Debug */,
				5A55F2C01FBEC439009EA49B /* Release */,
			);
			defaultConfigurationIsVisible = 0;
			defaultConfigurationName = Release;
		};
		5A55F2C11FBEC439009EA49B /* Build configuration list for PBXNativeTarget "OCMVVMDemoUITests" */ = {
			isa = XCConfigurationList;
			buildConfigurations = (
				5A55F2C21FBEC439009EA49B /* Debug */,
				5A55F2C31FBEC439009EA49B /* Release */,
			);
			defaultConfigurationIsVisible = 0;
			defaultConfigurationName = Release;
		};
/* End XCConfigurationList section */
	};
	rootObject = 5A55F2871FBEC439009EA49B /* Project object */;
}
